
Microsoft Visual Studio Solution File, Format Version 12.00
# Visual Studio 15
VisualStudioVersion = 15.0.26124.0
MinimumVisualStudioVersion = 15.0.26124.0
Project("{9A19103F-16F7-4668-BE54-9A1E7A4F7556}") = "webapp", "webapp.csproj", "{77B972EA-57BB-44F0-8D68-DBCF62ACAF02}"
EndProject
Global
	GlobalSection(SolutionConfigurationPlatforms) = preSolution
		Debug|Any CPU = Debug|Any CPU
		Debug|x64 = Debug|x64
		Debug|x86 = Debug|x86
		Release|Any CPU = Release|Any CPU
		Release|x64 = Release|x64
		Release|x86 = Release|x86
	EndGlobalSection
	GlobalSection(ProjectConfigurationPlatforms) = postSolution
		{77B972EA-57BB-44F0-8D68-DBCF62ACAF02}.Debug|Any CPU.ActiveCfg = Debug|Any CPU
		{77B972EA-57BB-44F0-8D68-DBCF62ACAF02}.Debug|Any CPU.Build.0 = Debug|Any CPU
		{77B972EA-57BB-44F0-8D68-DBCF62ACAF02}.Debug|x64.ActiveCfg = Debug|Any CPU
		{77B972EA-57BB-44F0-8D68-DBCF62ACAF02}.Debug|x64.Build.0 = Debug|Any CPU
		{77B972EA-57BB-44F0-8D68-DBCF62ACAF02}.Debug|x86.ActiveCfg = Debug|Any CPU
		{77B972EA-57BB-44F0-8D68-DBCF62ACAF02}.Debug|x86.Build.0 = Debug|Any CPU
		{77B972EA-57BB-44F0-8D68-DBCF62ACAF02}.Release|Any CPU.ActiveCfg = Release|Any CPU
		{77B972EA-57BB-44F0-8D68-DBCF62ACAF02}.Release|Any CPU.Build.0 = Release|Any CPU
		{77B972EA-57BB-44F0-8D68-DBCF62ACAF02}.Release|x64.ActiveCfg = Release|Any CPU
		{77B972EA-57BB-44F0-8D68-DBCF62ACAF02}.Release|x64.Build.0 = Release|Any CPU
		{77B972EA-57BB-44F0-8D68-DBCF62ACAF02}.Release|x86.ActiveCfg = Release|Any CPU
		{77B972EA-57BB-44F0-8D68-DBCF62ACAF02}.Release|x86.Build.0 = Release|Any CPU
	EndGlobalSection
	GlobalSection(SolutionProperties) = preSolution
		HideSolutionNode = FALSE
	EndGlobalSection
	GlobalSection(ExtensibilityGlobals) = postSolution
		SolutionGuid = {D3A44A88-491F-40C0-892F-2A824CE4F97B}
	EndGlobalSection
EndGlobal
